
Microsoft Visual Studio Solution File, Format Version 12.00
# Visual Studio Version 16
VisualStudioVersion = 16.0.30907.101
MinimumVisualStudioVersion = 10.0.40219.1
Project("{8BC9CEB8-8B4A-11D0-8D11-00A0C91BC942}") = "part2_solution_vs19", "part2_solution_vs19\part2_solution_vs19.vcxproj", "{019C4121-BBF8-4CAC-8735-F274A71BB0CA}"
EndProject
Global
	GlobalSection(SolutionConfigurationPlatforms) = preSolution
		Debug|x64 = Debug|x64
		Debug|x86 = Debug|x86
		Release|x64 = Release|x64
		Release|x86 = Release|x86
	EndGlobalSection
	GlobalSection(ProjectConfigurationPlatforms) = postSolution
		{019C4121-BBF8-4CAC-8735-F274A71BB0CA}.Debug|x64.ActiveCfg = Debug|x64
		{019C4121-BBF8-4CAC-8735-F274A71BB0CA}.Debug|x64.Build.0 = Debug|x64
		{019C4121-BBF8-4CAC-8735-F274A71BB0CA}.Debug|x86.ActiveCfg = Debug|Win32
		{019C4121-BBF8-4CAC-8735-F274A71BB0CA}.Debug|x86.Build.0 = Debug|Win32
		{019C4121-BBF8-4CAC-8735-F274A71BB0CA}.Release|x64.ActiveCfg = Release|x64
		{019C4121-BBF8-4CAC-8735-F274A71BB0CA}.Release|x64.Build.0 = Release|x64
		{019C4121-BBF8-4CAC-8735-F274A71BB0CA}.Release|x86.ActiveCfg = Release|Win32
		{019C4121-BBF8-4CAC-8735-F274A71BB0CA}.Release|x86.Build.0 = Release|Win32
	EndGlobalSection
	GlobalSection(SolutionProperties) = preSolution
		HideSolutionNode = FALSE
	EndGlobalSection
	GlobalSection(ExtensibilityGlobals) = postSolution
		SolutionGuid = {B37DD67A-539B-4B57-A38B-2D2C905C35E5}
	EndGlobalSection
EndGlobal
